// !$*UTF8*$!
{
	archiveVersion = 1;
	classes = {
	};
	objectVersion = 46;
	objects = {

/* Begin PBXBuildFile section */
		C415F80F1AB0A204009099D9 /* AppDelegate.swift in Sources */ = {isa = PBXBuildFile; fileRef = C415F80E1AB0A204009099D9 /* AppDelegate.swift */; };
		C415F8111AB0A204009099D9 /* ViewController.swift in Sources */ = {isa = PBXBuildFile; fileRef = C415F8101AB0A204009099D9 /* ViewController.swift */; };
		C415F8141AB0A204009099D9 /* Main.storyboard in Resources */ = {isa = PBXBuildFile; fileRef = C415F8121AB0A204009099D9 /* Main.storyboard */; };
		C415F8161AB0A204009099D9 /* Images.xcassets in Resources */ = {isa = PBXBuildFile; fileRef = C415F8151AB0A204009099D9 /* Images.xcassets */; };
		C415F8191AB0A204009099D9 /* LaunchScreen.xib in Resources */ = {isa = PBXBuildFile; fileRef = C415F8171AB0A204009099D9 /* LaunchScreen.xib */; };
		C415F8251AB0A204009099D9 /* KPMockTests.swift in Sources */ = {isa = PBXBuildFile; fileRef = C415F8241AB0A204009099D9 /* KPMockTests.swift */; };
		C415F8301AB0A25C009099D9 /* UIViewController+Swizzling.swift in Sources */ = {isa = PBXBuildFile; fileRef = C415F82F1AB0A25C009099D9 /* UIViewController+Swizzling.swift */; };
		C415F8311AB0A25C009099D9 /* UIViewController+Swizzling.swift in Sources */ = {isa = PBXBuildFile; fileRef = C415F82F1AB0A25C009099D9 /* UIViewController+Swizzling.swift */; };
/* End PBXBuildFile section */

/* Begin PBXContainerItemProxy section */
		C415F81F1AB0A204009099D9 /* PBXContainerItemProxy */ = {
			isa = PBXContainerItemProxy;
			containerPortal = C415F8011AB0A204009099D9 /* Project object */;
			proxyType = 1;
			remoteGlobalIDString = C415F8081AB0A204009099D9;
			remoteInfo = KPMock;
		};
/* End PBXContainerItemProxy section */

/* Begin PBXFileReference section */
		C415F8091AB0A204009099D9 /* KPMock.app */ = {isa = PBXFileReference; explicitFileType = wrapper.application; includeInIndex = 0; path = KPMock.app; sourceTree = BUILT_PRODUCTS_DIR; };
		C415F80D1AB0A204009099D9 /* Info.plist */ = {isa = PBXFileReference; lastKnownFileType = text.plist.xml; path = Info.plist; sourceTree = "<group>"; };
		C415F80E1AB0A204009099D9 /* AppDelegate.swift */ = {isa = PBXFileReference; lastKnownFileType = sourcecode.swift; path = AppDelegate.swift; sourceTree = "<group>"; };
		C415F8101AB0A204009099D9 /* ViewController.swift */ = {isa = PBXFileReference; lastKnownFileType = sourcecode.swift; path = ViewController.swift; sourceTree = "<group>"; };
		C415F8131AB0A204009099D9 /* Base */ = {isa = PBXFileReference; lastKnownFileType = file.storyboard; name = Base; path = Base.lproj/Main.storyboard; sourceTree = "<group>"; };
		C415F8151AB0A204009099D9 /* Images.xcassets */ = {isa = PBXFileReference; lastKnownFileType = folder.assetcatalog; path = Images.xcassets; sourceTree = "<group>"; };
		C415F8181AB0A204009099D9 /* Base */ = {isa = PBXFileReference; lastKnownFileType = file.xib; name = Base; path = Base.lproj/LaunchScreen.xib; sourceTree = "<group>"; };
		C415F81E1AB0A204009099D9 /* KPMockTests.xctest */ = {isa = PBXFileReference; explicitFileType = wrapper.cfbundle; includeInIndex = 0; path = KPMockTests.xctest; sourceTree = BUILT_PRODUCTS_DIR; };
		C415F8231AB0A204009099D9 /* Info.plist */ = {isa = PBXFileReference; lastKnownFileType = text.plist.xml; path = Info.plist; sourceTree = "<group>"; };
		C415F8241AB0A204009099D9 /* KPMockTests.swift */ = {isa = PBXFileReference; lastKnownFileType = sourcecode.swift; path = KPMockTests.swift; sourceTree = "<group>"; };
		C415F82F1AB0A25C009099D9 /* UIViewController+Swizzling.swift */ = {isa = PBXFileReference; fileEncoding = 4; lastKnownFileType = sourcecode.swift; path = "UIViewController+Swizzling.swift"; sourceTree = "<group>"; };
/* End PBXFileReference section */

/* Begin PBXFrameworksBuildPhase section */
		C415F8061AB0A204009099D9 /* Frameworks */ = {
			isa = PBXFrameworksBuildPhase;
			buildActionMask = 2147483647;
			files = (
			);
			runOnlyForDeploymentPostprocessing = 0;
		};
		C415F81B1AB0A204009099D9 /* Frameworks */ = {
			isa = PBXFrameworksBuildPhase;
			buildActionMask = 2147483647;
			files = (
			);
			runOnlyForDeploymentPostprocessing = 0;
		};
/* End PBXFrameworksBuildPhase section */

/* Begin PBXGroup section */
		C415F8001AB0A204009099D9 = {
			isa = PBXGroup;
			children = (
				C415F80B1AB0A204009099D9 /* KPMock */,
				C415F8211AB0A204009099D9 /* KPMockTests */,
				C415F80A1AB0A204009099D9 /* Products */,
			);
			sourceTree = "<group>";
		};
		C415F80A1AB0A204009099D9 /* Products */ = {
			isa = PBXGroup;
			children = (
				C415F8091AB0A204009099D9 /* KPMock.app */,
				C415F81E1AB0A204009099D9 /* KPMockTests.xctest */,
			);
			name = Products;
			sourceTree = "<group>";
		};
		C415F80B1AB0A204009099D9 /* KPMock */ = {
			isa = PBXGroup;
			children = (
				C415F82E1AB0A221009099D9 /* Example */,
				C415F82F1AB0A25C009099D9 /* UIViewController+Swizzling.swift */,
			);
			path = KPMock;
			sourceTree = "<group>";
		};
		C415F80C1AB0A204009099D9 /* Supporting Files */ = {
			isa = PBXGroup;
			children = (
				C415F80D1AB0A204009099D9 /* Info.plist */,
			);
			name = "Supporting Files";
			sourceTree = "<group>";
		};
		C415F8211AB0A204009099D9 /* KPMockTests */ = {
			isa = PBXGroup;
			children = (
				C415F8241AB0A204009099D9 /* KPMockTests.swift */,
				C415F8221AB0A204009099D9 /* Supporting Files */,
			);
			path = KPMockTests;
			sourceTree = "<group>";
		};
		C415F8221AB0A204009099D9 /* Supporting Files */ = {
			isa = PBXGroup;
			children = (
				C415F8231AB0A204009099D9 /* Info.plist */,
			);
			name = "Supporting Files";
			sourceTree = "<group>";
		};
		C415F82E1AB0A221009099D9 /* Example */ = {
			isa = PBXGroup;
			children = (
				C415F80E1AB0A204009099D9 /* AppDelegate.swift */,
				C415F8101AB0A204009099D9 /* ViewController.swift */,
				C415F8121AB0A204009099D9 /* Main.storyboard */,
				C415F8151AB0A204009099D9 /* Images.xcassets */,
				C415F8171AB0A204009099D9 /* LaunchScreen.xib */,
				C415F80C1AB0A204009099D9 /* Supporting Files */,
			);
			name = Example;
			sourceTree = "<group>";
		};
/* End PBXGroup section */

/* Begin PBXNativeTarget section */
		C415F8081AB0A204009099D9 /* KPMock */ = {
			isa = PBXNativeTarget;
			buildConfigurationList = C415F8281AB0A204009099D9 /* Build configuration list for PBXNativeTarget "KPMock" */;
			buildPhases = (
				C415F8051AB0A204009099D9 /* Sources */,
				C415F8061AB0A204009099D9 /* Frameworks */,
				C415F8071AB0A204009099D9 /* Resources */,
			);
			buildRules = (
			);
			dependencies = (
			);
			name = KPMock;
			productName = KPMock;
			productReference = C415F8091AB0A204009099D9 /* KPMock.app */;
			productType = "com.apple.product-type.application";
		};
		C415F81D1AB0A204009099D9 /* KPMockTests */ = {
			isa = PBXNativeTarget;
			buildConfigurationList = C415F82B1AB0A204009099D9 /* Build configuration list for PBXNativeTarget "KPMockTests" */;
			buildPhases = (
				C415F81A1AB0A204009099D9 /* Sources */,
				C415F81B1AB0A204009099D9 /* Frameworks */,
				C415F81C1AB0A204009099D9 /* Resources */,
			);
			buildRules = (
			);
			dependencies = (
				C415F8201AB0A204009099D9 /* PBXTargetDependency */,
			);
			name = KPMockTests;
			productName = KPMockTests;
			productReference = C415F81E1AB0A204009099D9 /* KPMockTests.xctest */;
			productType = "com.apple.product-type.bundle.unit-test";
		};
/* End PBXNativeTarget section */

/* Begin PBXProject section */
		C415F8011AB0A204009099D9 /* Project object */ = {
			isa = PBXProject;
			attributes = {
				LastUpgradeCheck = 0620;
				ORGANIZATIONNAME = KP;
				TargetAttributes = {
					C415F8081AB0A204009099D9 = {
						CreatedOnToolsVersion = 6.2;
					};
					C415F81D1AB0A204009099D9 = {
						CreatedOnToolsVersion = 6.2;
						TestTargetID = C415F8081AB0A204009099D9;
					};
				};
			};
			buildConfigurationList = C415F8041AB0A204009099D9 /* Build configuration list for PBXProject "KPMock" */;
			compatibilityVersion = "Xcode 3.2";
			developmentRegion = English;
			hasScannedForEncodings = 0;
			knownRegions = (
				en,
				Base,
			);
			mainGroup = C415F8001AB0A204009099D9;
			productRefGroup = C415F80A1AB0A204009099D9 /* Products */;
			projectDirPath = "";
			projectRoot = "";
			targets = (
				C415F8081AB0A204009099D9 /* KPMock */,
				C415F81D1AB0A204009099D9 /* KPMockTests */,
			);
		};
/* End PBXProject section */

/* Begin PBXResourcesBuildPhase section */
		C415F8071AB0A204009099D9 /* Resources */ = {
			isa = PBXResourcesBuildPhase;
			buildActionMask = 2147483647;
			files = (
				C415F8141AB0A204009099D9 /* Main.storyboard in Resources */,
				C415F8191AB0A204009099D9 /* LaunchScreen.xib in Resources */,
				C415F8161AB0A204009099D9 /* Images.xcassets in Resources */,
			);
			runOnlyForDeploymentPostprocessing = 0;
		};
		C415F81C1AB0A204009099D9 /* Resources */ = {
			isa = PBXResourcesBuildPhase;
			buildActionMask = 2147483647;
			files = (
			);
			runOnlyForDeploymentPostprocessing = 0;
		};
/* End PBXResourcesBuildPhase section */

/* Begin PBXSourcesBuildPhase section */
		C415F8051AB0A204009099D9 /* Sources */ = {
			isa = PBXSourcesBuildPhase;
			buildActionMask = 2147483647;
			files = (
				C415F8111AB0A204009099D9 /* ViewController.swift in Sources */,
				C415F80F1AB0A204009099D9 /* AppDelegate.swift in Sources */,
				C415F8301AB0A25C009099D9 /* UIViewController+Swizzling.swift in Sources */,
			);
			runOnlyForDeploymentPostprocessing = 0;
		};
		C415F81A1AB0A204009099D9 /* Sources */ = {
			isa = PBXSourcesBuildPhase;
			buildActionMask = 2147483647;
			files = (
				C415F8311AB0A25C009099D9 /* UIViewController+Swizzling.swift in Sources */,
				C415F8251AB0A204009099D9 /* KPMockTests.swift in Sources */,
			);
			runOnlyForDeploymentPostprocessing = 0;
		};
/* End PBXSourcesBuildPhase section */

/* Begin PBXTargetDependency section */
		C415F8201AB0A204009099D9 /* PBXTargetDependency */ = {
			isa = PBXTargetDependency;
			target = C415F8081AB0A204009099D9 /* KPMock */;
			targetProxy = C415F81F1AB0A204009099D9 /* PBXContainerItemProxy */;
		};
/* End PBXTargetDependency section */

/* Begin PBXVariantGroup section */
		C415F8121AB0A204009099D9 /* Main.storyboard */ = {
			isa = PBXVariantGroup;
			children = (
				C415F8131AB0A204009099D9 /* Base */,
			);
			name = Main.storyboard;
			sourceTree = "<group>";
		};
		C415F8171AB0A204009099D9 /* LaunchScreen.xib */ = {
			isa = PBXVariantGroup;
			children = (
				C415F8181AB0A204009099D9 /* Base */,
			);
			name = LaunchScreen.xib;
			sourceTree = "<group>";
		};
/* End PBXVariantGroup section */

/* Begin XCBuildConfiguration section */
		C415F8261AB0A204009099D9 /* Debug */ = {
			isa = XCBuildConfiguration;
			buildSettings = {
				ALWAYS_SEARCH_USER_PATHS = NO;
				CLANG_CXX_LANGUAGE_STANDARD = "gnu++0x";
				CLANG_CXX_LIBRARY = "libc++";
				CLANG_ENABLE_MODULES = YES;
				CLANG_ENABLE_OBJC_ARC = YES;
				CLANG_WARN_BOOL_CONVERSION = YES;
				CLANG_WARN_CONSTANT_CONVERSION = YES;
				CLANG_WARN_DIRECT_OBJC_ISA_USAGE = YES_ERROR;
				CLANG_WARN_EMPTY_BODY = YES;
				CLANG_WARN_ENUM_CONVERSION = YES;
				CLANG_WARN_INT_CONVERSION = YES;
				CLANG_WARN_OBJC_ROOT_CLASS = YES_ERROR;
				CLANG_WARN_UNREACHABLE_CODE = YES;
				CLANG_WARN__DUPLICATE_METHOD_MATCH = YES;
				"CODE_SIGN_IDENTITY[sdk=iphoneos*]" = "iPhone Developer";
				COPY_PHASE_STRIP = NO;
				ENABLE_STRICT_OBJC_MSGSEND = YES;
				GCC_C_LANGUAGE_STANDARD = gnu99;
				GCC_DYNAMIC_NO_PIC = NO;
				GCC_OPTIMIZATION_LEVEL = 0;
				GCC_PREPROCESSOR_DEFINITIONS = (
					"DEBUG=1",
					"$(inherited)",
				);
				GCC_SYMBOLS_PRIVATE_EXTERN = NO;
				GCC_WARN_64_TO_32_BIT_CONVERSION = YES;
				GCC_WARN_ABOUT_RETURN_TYPE = YES_ERROR;
				GCC_WARN_UNDECLARED_SELECTOR = YES;
				GCC_WARN_UNINITIALIZED_AUTOS = YES_AGGRESSIVE;
				GCC_WARN_UNUSED_FUNCTION = YES;
				GCC_WARN_UNUSED_VARIABLE = YES;
				IPHONEOS_DEPLOYMENT_TARGET = 8.2;
				MTL_ENABLE_DEBUG_INFO = YES;
				ONLY_ACTIVE_ARCH = YES;
				SDKROOT = iphoneos;
				SWIFT_OPTIMIZATION_LEVEL = "-Onone";
			};
			name = Debug;
		};
		C415F8271AB0A204009099D9 /* Release */ = {
			isa = XCBuildConfiguration;
			buildSettings = {
				ALWAYS_SEARCH_USER_PATHS = NO;
				CLANG_CXX_LANGUAGE_STANDARD = "gnu++0x";
				CLANG_CXX_LIBRARY = "libc++";
				CLANG_ENABLE_MODULES = YES;
				CLANG_ENABLE_OBJC_ARC = YES;
				CLANG_WARN_BOOL_CONVERSION = YES;
				CLANG_WARN_CONSTANT_CONVERSION = YES;
				CLANG_WARN_DIRECT_OBJC_ISA_USAGE = YES_ERROR;
				CLANG_WARN_EMPTY_BODY = YES;
				CLANG_WARN_ENUM_CONVERSION = YES;
				CLANG_WARN_INT_CONVERSION = YES;
				CLANG_WARN_OBJC_ROOT_CLASS = YES_ERROR;
				CLANG_WARN_UNREACHABLE_CODE = YES;
				CLANG_WARN__DUPLICATE_METHOD_MATCH = YES;
				"CODE_SIGN_IDENTITY[sdk=iphoneos*]" = "iPhone Developer";
				COPY_PHASE_STRIP = NO;
				ENABLE_NS_ASSERTIONS = NO;
				ENABLE_STRICT_OBJC_MSGSEND = YES;
				GCC_C_LANGUAGE_STANDARD = gnu99;
				GCC_WARN_64_TO_32_BIT_CONVERSION = YES;
				GCC_WARN_ABOUT_RETURN_TYPE = YES_ERROR;
				GCC_WARN_UNDECLARED_SELECTOR = YES;
				GCC_WARN_UNINITIALIZED_AUTOS = YES_AGGRESSIVE;
				GCC_WARN_UNUSED_FUNCTION = YES;
				GCC_WARN_UNUSED_VARIABLE = YES;
				IPHONEOS_DEPLOYMENT_TARGET = 8.2;
				MTL_ENABLE_DEBUG_INFO = NO;
				SDKROOT = iphoneos;
				VALIDATE_PRODUCT = YES;
			};
			name = Release;
		};
		C415F8291AB0A204009099D9 /* Debug */ = {
			isa = XCBuildConfiguration;
			buildSettings = {
				ASSETCATALOG_COMPILER_APPICON_NAME = AppIcon;
				INFOPLIST_FILE = KPMock/Info.plist;
				LD_RUNPATH_SEARCH_PATHS = "$(inherited) @executable_path/Frameworks";
				PRODUCT_NAME = "$(TARGET_NAME)";
			};
			name = Debug;
		};
		C415F82A1AB0A204009099D9 /* Release */ = {
			isa = XCBuildConfiguration;
			buildSettings = {
				ASSETCATALOG_COMPILER_APPICON_NAME = AppIcon;
				INFOPLIST_FILE = KPMock/Info.plist;
				LD_RUNPATH_SEARCH_PATHS = "$(inherited) @executable_path/Frameworks";
				PRODUCT_NAME = "$(TARGET_NAME)";
			};
			name = Release;
		};
		C415F82C1AB0A204009099D9 /* Debug */ = {
			isa = XCBuildConfiguration;
			buildSettings = {
				BUNDLE_LOADER = "$(TEST_HOST)";
				FRAMEWORK_SEARCH_PATHS = (
					"$(SDKROOT)/Developer/Library/Frameworks",
					"$(inherited)",
				);
				GCC_PREPROCESSOR_DEFINITIONS = (
					"DEBUG=1",
					"$(inherited)",
				);
				INFOPLIST_FILE = KPMockTests/Info.plist;
				LD_RUNPATH_SEARCH_PATHS = "$(inherited) @executable_path/Frameworks @loader_path/Frameworks";
				PRODUCT_NAME = "$(TARGET_NAME)";
				TEST_HOST = "$(BUILT_PRODUCTS_DIR)/KPMock.app/KPMock";
			};
			name = Debug;
		};
		C415F82D1AB0A204009099D9 /* Release */ = {
			isa = XCBuildConfiguration;
			buildSettings = {
				BUNDLE_LOADER = "$(TEST_HOST)";
				FRAMEWORK_SEARCH_PATHS = (
					"$(SDKROOT)/Developer/Library/Frameworks",
					"$(inherited)",
				);
				INFOPLIST_FILE = KPMockTests/Info.plist;
				LD_RUNPATH_SEARCH_PATHS = "$(inherited) @executable_path/Frameworks @loader_path/Frameworks";
				PRODUCT_NAME = "$(TARGET_NAME)";
				TEST_HOST = "$(BUILT_PRODUCTS_DIR)/KPMock.app/KPMock";
			};
			name = Release;
		};
/* End XCBuildConfiguration section */

/* Begin XCConfigurationList section */
		C415F8041AB0A204009099D9 /* Build configuration list for PBXProject "KPMock" */ = {
			isa = XCConfigurationList;
			buildConfigurations = (
				C415F8261AB0A204009099D9 /* Debug */,
				C415F8271AB0A204009099D9 /* Release */,
			);
			defaultConfigurationIsVisible = 0;
			defaultConfigurationName = Release;
		};
		C415F8281AB0A204009099D9 /* Build configuration list for PBXNativeTarget "KPMock" */ = {
			isa = XCConfigurationList;
			buildConfigurations = (
				C415F8291AB0A204009099D9 /* Debug */,
				C415F82A1AB0A204009099D9 /* Release */,
			);
			defaultConfigurationIsVisible = 0;
		};
		C415F82B1AB0A204009099D9 /* Build configuration list for PBXNativeTarget "KPMockTests" */ = {
			isa = XCConfigurationList;
			buildConfigurations = (
				C415F82C1AB0A204009099D9 /* Debug */,
				C415F82D1AB0A204009099D9 /* Release */,
			);
			defaultConfigurationIsVisible = 0;
		};
/* End XCConfigurationList section */
	};
	rootObject = C415F8011AB0A204009099D9 /* Project object */;
}
